
Microsoft Visual Studio Solution File, Format Version 12.00
# Visual Studio 15
VisualStudioVersion = 15.0.27428.2027
MinimumVisualStudioVersion = 10.0.40219.1
Project("{FAE04EC0-301F-11D3-BF4B-00C04F79EFBC}") = "ArchivosPlanosWeb", "ArchivosPlanosWeb\ArchivosPlanosWeb.csproj", "{F145EC4C-7C86-4AFE-BB58-A2D54D491FDB}"
EndProject
Global
	GlobalSection(SolutionConfigurationPlatforms) = preSolution
		Debug|Any CPU = Debug|Any CPU
		Release|Any CPU = Release|Any CPU
	EndGlobalSection
	GlobalSection(ProjectConfigurationPlatforms) = postSolution
		{F145EC4C-7C86-4AFE-BB58-A2D54D491FDB}.Debug|Any CPU.ActiveCfg = Debug|Any CPU
		{F145EC4C-7C86-4AFE-BB58-A2D54D491FDB}.Debug|Any CPU.Build.0 = Debug|Any CPU
		{F145EC4C-7C86-4AFE-BB58-A2D54D491FDB}.Release|Any CPU.ActiveCfg = Release|Any CPU
		{F145EC4C-7C86-4AFE-BB58-A2D54D491FDB}.Release|Any CPU.Build.0 = Release|Any CPU
	EndGlobalSection
	GlobalSection(SolutionProperties) = preSolution
		HideSolutionNode = FALSE
	EndGlobalSection
	GlobalSection(ExtensibilityGlobals) = postSolution
		SolutionGuid = {1ED638B3-60B6-4E0D-8D3F-1A167F340CF6}
	EndGlobalSection
EndGlobal
